
Microsoft Visual Studio Solution File, Format Version 11.00
# Visual Studio 2010
Project("{FAE04EC0-301F-11D3-BF4B-00C04F79EFBC}") = "stufffornick-master", "Assembly-CSharp.csproj", "{72BA30B5-E974-FC2B-108C-0C2397CE7161}"
EndProject
Project("{FAE04EC0-301F-11D3-BF4B-00C04F79EFBC}") = "stufffornick-master", "Assembly-CSharp-firstpass.csproj", "{C06198B1-BC16-EE28-8498-CE00164044D8}"
EndProject
Project("{FAE04EC0-301F-11D3-BF4B-00C04F79EFBC}") = "stufffornick-master", "Assembly-CSharp-Editor-firstpass.csproj", "{08421371-7FD8-09DD-3D21-73712BE013E4}"
EndProject
Global
	GlobalSection(SolutionConfigurationPlatforms) = preSolution
		Debug|Any CPU = Debug|Any CPU
		Release|Any CPU = Release|Any CPU
	EndGlobalSection
	GlobalSection(ProjectConfigurationPlatforms) = postSolution
		{72BA30B5-E974-FC2B-108C-0C2397CE7161}.Debug|Any CPU.ActiveCfg = Debug|Any CPU
		{72BA30B5-E974-FC2B-108C-0C2397CE7161}.Debug|Any CPU.Build.0 = Debug|Any CPU
		{72BA30B5-E974-FC2B-108C-0C2397CE7161}.Release|Any CPU.ActiveCfg = Release|Any CPU
		{72BA30B5-E974-FC2B-108C-0C2397CE7161}.Release|Any CPU.Build.0 = Release|Any CPU
		{C06198B1-BC16-EE28-8498-CE00164044D8}.Debug|Any CPU.ActiveCfg = Debug|Any CPU
		{C06198B1-BC16-EE28-8498-CE00164044D8}.Debug|Any CPU.Build.0 = Debug|Any CPU
		{C06198B1-BC16-EE28-8498-CE00164044D8}.Release|Any CPU.ActiveCfg = Release|Any CPU
		{C06198B1-BC16-EE28-8498-CE00164044D8}.Release|Any CPU.Build.0 = Release|Any CPU
		{08421371-7FD8-09DD-3D21-73712BE013E4}.Debug|Any CPU.ActiveCfg = Debug|Any CPU
		{08421371-7FD8-09DD-3D21-73712BE013E4}.Debug|Any CPU.Build.0 = Debug|Any CPU
		{08421371-7FD8-09DD-3D21-73712BE013E4}.Release|Any CPU.ActiveCfg = Release|Any CPU
		{08421371-7FD8-09DD-3D21-73712BE013E4}.Release|Any CPU.Build.0 = Release|Any CPU
	EndGlobalSection
	GlobalSection(SolutionProperties) = preSolution
		HideSolutionNode = FALSE
	EndGlobalSection
	GlobalSection(MonoDevelopProperties) = preSolution
		StartupItem = Assembly-CSharp.csproj
	EndGlobalSection
EndGlobal
